
Microsoft Visual Studio Solution File, Format Version 12.00
# Visual Studio 15
VisualStudioVersion = 15.0.27004.2005
MinimumVisualStudioVersion = 10.0.40219.1
Project("{8BC9CEB8-8B4A-11D0-8D11-00A0C91BC942}") = "Opdracht5_TheBigTHree", "Opdracht5_TheBigTHree\Opdracht5_TheBigTHree.vcxproj", "{4BA36E03-453A-4589-9725-495232B59C44}"
EndProject
Global
	GlobalSection(SolutionConfigurationPlatforms) = preSolution
		Debug|x64 = Debug|x64
		Debug|x86 = Debug|x86
		Release|x64 = Release|x64
		Release|x86 = Release|x86
	EndGlobalSection
	GlobalSection(ProjectConfigurationPlatforms) = postSolution
		{4BA36E03-453A-4589-9725-495232B59C44}.Debug|x64.ActiveCfg = Debug|x64
		{4BA36E03-453A-4589-9725-495232B59C44}.Debug|x64.Build.0 = Debug|x64
		{4BA36E03-453A-4589-9725-495232B59C44}.Debug|x86.ActiveCfg = Debug|Win32
		{4BA36E03-453A-4589-9725-495232B59C44}.Debug|x86.Build.0 = Debug|Win32
		{4BA36E03-453A-4589-9725-495232B59C44}.Release|x64.ActiveCfg = Release|x64
		{4BA36E03-453A-4589-9725-495232B59C44}.Release|x64.Build.0 = Release|x64
		{4BA36E03-453A-4589-9725-495232B59C44}.Release|x86.ActiveCfg = Release|Win32
		{4BA36E03-453A-4589-9725-495232B59C44}.Release|x86.Build.0 = Release|Win32
	EndGlobalSection
	GlobalSection(SolutionProperties) = preSolution
		HideSolutionNode = FALSE
	EndGlobalSection
	GlobalSection(ExtensibilityGlobals) = postSolution
		SolutionGuid = {ACBC3DB0-E918-4F8A-AB80-A82045777FD5}
	EndGlobalSection
EndGlobal
